
Microsoft Visual Studio Solution File, Format Version 12.00
# Visual Studio Version 17
VisualStudioVersion = 17.9.34723.18
MinimumVisualStudioVersion = 10.0.40219.1
Project("{8BC9CEB8-8B4A-11D0-8D11-00A0C91BC942}") = "Graphics", "Graphics.vcxproj", "{1F99CBAD-8DDE-4DEF-B88D-55DA02B72471}"
EndProject
Global
	GlobalSection(SolutionConfigurationPlatforms) = preSolution
		Debug|x64 = Debug|x64
		Debug|x86 = Debug|x86
		Release|x64 = Release|x64
		Release|x86 = Release|x86
	EndGlobalSection
	GlobalSection(ProjectConfigurationPlatforms) = postSolution
		{1F99CBAD-8DDE-4DEF-B88D-55DA02B72471}.Debug|x64.ActiveCfg = Debug|x64
		{1F99CBAD-8DDE-4DEF-B88D-55DA02B72471}.Debug|x64.Build.0 = Debug|x64
		{1F99CBAD-8DDE-4DEF-B88D-55DA02B72471}.Debug|x86.ActiveCfg = Debug|Win32
		{1F99CBAD-8DDE-4DEF-B88D-55DA02B72471}.Debug|x86.Build.0 = Debug|Win32
		{1F99CBAD-8DDE-4DEF-B88D-55DA02B72471}.Release|x64.ActiveCfg = Release|x64
		{1F99CBAD-8DDE-4DEF-B88D-55DA02B72471}.Release|x64.Build.0 = Release|x64
		{1F99CBAD-8DDE-4DEF-B88D-55DA02B72471}.Release|x86.ActiveCfg = Release|Win32
		{1F99CBAD-8DDE-4DEF-B88D-55DA02B72471}.Release|x86.Build.0 = Release|Win32
	EndGlobalSection
	GlobalSection(SolutionProperties) = preSolution
		HideSolutionNode = FALSE
	EndGlobalSection
	GlobalSection(ExtensibilityGlobals) = postSolution
		SolutionGuid = {21CAF416-1123-4596-9465-4F3F012FDDDB}
	EndGlobalSection
EndGlobal
